
Microsoft Visual Studio Solution File, Format Version 12.00
# Visual Studio Version 17
VisualStudioVersion = 17.12.35707.178
MinimumVisualStudioVersion = 10.0.40219.1
Project("{FAE04EC0-301F-11D3-BF4B-00C04F79EFBC}") = "ABCRetailers", "ABCRetailers.csproj", "{49C8FC4F-B3BE-46F0-BCE9-A37A4259A396}"
EndProject
Project("{FAE04EC0-301F-11D3-BF4B-00C04F79EFBC}") = "FunctionApp", "..\FunctionApp\FunctionApp.csproj", "{DACB4130-453E-4E02-B12A-928FEA3E07DE}"
EndProject
Global
	GlobalSection(SolutionConfigurationPlatforms) = preSolution
		Debug|Any CPU = Debug|Any CPU
		Release|Any CPU = Release|Any CPU
	EndGlobalSection
	GlobalSection(ProjectConfigurationPlatforms) = postSolution
		{49C8FC4F-B3BE-46F0-BCE9-A37A4259A396}.Debug|Any CPU.ActiveCfg = Debug|Any CPU
		{49C8FC4F-B3BE-46F0-BCE9-A37A4259A396}.Debug|Any CPU.Build.0 = Debug|Any CPU
		{49C8FC4F-B3BE-46F0-BCE9-A37A4259A396}.Release|Any CPU.ActiveCfg = Release|Any CPU
		{49C8FC4F-B3BE-46F0-BCE9-A37A4259A396}.Release|Any CPU.Build.0 = Release|Any CPU
		{DACB4130-453E-4E02-B12A-928FEA3E07DE}.Debug|Any CPU.ActiveCfg = Debug|Any CPU
		{DACB4130-453E-4E02-B12A-928FEA3E07DE}.Debug|Any CPU.Build.0 = Debug|Any CPU
		{DACB4130-453E-4E02-B12A-928FEA3E07DE}.Release|Any CPU.ActiveCfg = Release|Any CPU
		{DACB4130-453E-4E02-B12A-928FEA3E07DE}.Release|Any CPU.Build.0 = Release|Any CPU
	EndGlobalSection
	GlobalSection(SolutionProperties) = preSolution
		HideSolutionNode = FALSE
	EndGlobalSection
	GlobalSection(ExtensibilityGlobals) = postSolution
		SolutionGuid = {242DF260-C6CA-436D-8C78-011836C04424}
	EndGlobalSection
EndGlobal
